
Microsoft Visual Studio Solution File, Format Version 12.00
# Visual Studio Version 17
VisualStudioVersion = 17.8.34112.27
MinimumVisualStudioVersion = 10.0.40219.1
Project("{9A19103F-16F7-4668-BE54-9A1E7A4F7556}") = "Building", "Building\Building.csproj", "{A641C950-37B6-4102-A9A0-1246324F629F}"
EndProject
Project("{2150E333-8FDC-42A3-9474-1A3956D46DE8}") = "Other", "Other", "{077633D5-FCB2-4A9E-A317-E1503FCE1DCB}"
	ProjectSection(SolutionItems) = preProject
		.editorconfig = .editorconfig
		HowTo.md = HowTo.md
		Readme.md = Readme.md
		TechTasks.md = TechTasks.md
	EndProjectSection
EndProject
Global
	GlobalSection(SolutionConfigurationPlatforms) = preSolution
		Debug|Any CPU = Debug|Any CPU
		Release|Any CPU = Release|Any CPU
	EndGlobalSection
	GlobalSection(ProjectConfigurationPlatforms) = postSolution
		{A641C950-37B6-4102-A9A0-1246324F629F}.Debug|Any CPU.ActiveCfg = Debug|Any CPU
		{A641C950-37B6-4102-A9A0-1246324F629F}.Debug|Any CPU.Build.0 = Debug|Any CPU
		{A641C950-37B6-4102-A9A0-1246324F629F}.Release|Any CPU.ActiveCfg = Release|Any CPU
		{A641C950-37B6-4102-A9A0-1246324F629F}.Release|Any CPU.Build.0 = Release|Any CPU
	EndGlobalSection
	GlobalSection(SolutionProperties) = preSolution
		HideSolutionNode = FALSE
	EndGlobalSection
	GlobalSection(ExtensibilityGlobals) = postSolution
		SolutionGuid = {FC74516F-B6DA-4E91-955A-E2F29DB20B45}
	EndGlobalSection
EndGlobal
